bundle: Lite-CRD-Pack-v1.8.0-standard
generated_at: '2026-06-11T08:06:49Z'
upstream:
  envoy_gateway: v1.8.0
  gateway_crds_helm: oci://docker.io/envoyproxy/gateway-crds-helm:v1.8.0
  gateway_helm: oci://docker.io/envoyproxy/gateway-helm:v1.8.0
  gateway_api_channel: standard
artifacts:
- file: backends.gateway.envoyproxy.io.yaml
  bytes: 11482
  sha256: eb7e4db9387e384a4e976f239626baf78a388bf7d95eaaee4f9e5b2960bfdca8
- file: backendtlspolicies.gateway.networking.k8s.io.yaml
  bytes: 23191
  sha256: bed0bc262b931645249e3fb0e7164819e2ac7a251db784f3bb1a6fb7a19a9c17
- file: backendtrafficpolicies.gateway.envoyproxy.io.yaml
  bytes: 88927
  sha256: ac4843452ac8a7d5c0a7d966d60391d581cf0b8124ee573afcdfbbf62fc602f7
- file: clienttrafficpolicies.gateway.envoyproxy.io.yaml
  bytes: 41676
  sha256: f9289ff53c29a1deeeb54c2142e834ea1c3bb18a626f83b0913ca8e4ab13e40f
- file: envoyextensionpolicies.gateway.envoyproxy.io.yaml
  bytes: 66813
  sha256: b639d3fecb57044d32c4eaae43e14c705d7e5893f51082febd1f2691f431ae71
- file: envoypatchpolicies.gateway.envoyproxy.io.yaml
  bytes: 7689
  sha256: ff8e1015535e5ca7b97c142de8d464ae5e70724744fc09e3325e95639f8b926e
- file: envoyproxies.gateway.envoyproxy.io.yaml
  bytes: 520244
  sha256: 0a5b2dcf2c3776d5d2bdec7c4f8015bd44f460558bc8016c4ac2c2fc12f7f8a9
- file: gatewayclasses.gateway.networking.k8s.io.yaml
  bytes: 9636
  sha256: b86e6e3837b606a083bffe6d5c401ee57479209a2e54af9362a54116b28c89cf
- file: gateways.gateway.networking.k8s.io.yaml
  bytes: 60117
  sha256: 81050935acd4be83dc1692285b1a22636bcba625a65884f96ad76e718f0f6110
- file: grpcroutes.gateway.networking.k8s.io.yaml
  bytes: 42366
  sha256: 8275ff56a732842a1aa5795d7a6a7f06a0b8b42a4c7871fabce9dd67a801cca8
- file: httproutefilters.gateway.envoyproxy.io.yaml
  bytes: 9923
  sha256: 414e4cf9d284ba9ba816b106c17febe66a3c31a580f896c93c9dbe10acf2a951
- file: httproutes.gateway.networking.k8s.io.yaml
  bytes: 146391
  sha256: b1ece3cf2731a2dc57ce0616af4f2d127b9405f420c24bce16689708ea4e51b7
- file: listenersets.gateway.networking.k8s.io.yaml
  bytes: 16089
  sha256: 0c19b8058f00b03fb90e388716ad02440f1444b606eccbfa0602ad292a809fef
- file: referencegrants.gateway.networking.k8s.io.yaml
  bytes: 5293
  sha256: 4ffd6ec73671a7b75feb80e3c465cbe2022dfcb153b97f96ffef51bc32904a76
- file: securitypolicies.gateway.envoyproxy.io.yaml
  bytes: 221813
  sha256: 05671c771080511107dd1a25d221d548d2f4866080a9de76d2f2a9277bd25dc2
- file: tlsroutes.gateway.networking.k8s.io.yaml
  bytes: 33815
  sha256: 7b95d86e01d3d3780e475fda3e8385e5755ae04a27b6a8e171239b96268d164d
- file: validatingadmissionpolicy-safe-upgrades.gateway.networking.k8s.io.yaml
  bytes: 1952
  sha256: 2e9eb1a0e37f43426876827b2d70d60321f4bb0ff49fa78f2483a0509aeb74a2
- file: validatingadmissionpolicybinding-safe-upgrades.gateway.networking.k8s.io.yaml
  bytes: 563
  sha256: e65038c67e6d2f151fd3910b23988c9c354330ef19a42de04ba92866ca96391d
